
Microsoft Visual Studio Solution File, Format Version 12.00
# Visual Studio 15
VisualStudioVersion = 15.0.28307.168
MinimumVisualStudioVersion = 10.0.40219.1
Project("{FAE04EC0-301F-11D3-BF4B-00C04F79EFBC}") = "AspDotNetCoreSignalRWithAngular.Host", "AspDotNetCoreSignalRWithAngular.Host\AspDotNetCoreSignalRWithAngular.Host.csproj", "{079D8CDC-8B18-440A-AEC3-EF28D7E36019}"
EndProject
Global
	GlobalSection(SolutionConfigurationPlatforms) = preSolution
		Debug|Any CPU = Debug|Any CPU
		Release|Any CPU = Release|Any CPU
	EndGlobalSection
	GlobalSection(ProjectConfigurationPlatforms) = postSolution
		{079D8CDC-8B18-440A-AEC3-EF28D7E36019}.Debug|Any CPU.ActiveCfg = Debug|Any CPU
		{079D8CDC-8B18-440A-AEC3-EF28D7E36019}.Debug|Any CPU.Build.0 = Debug|Any CPU
		{079D8CDC-8B18-440A-AEC3-EF28D7E36019}.Release|Any CPU.ActiveCfg = Release|Any CPU
		{079D8CDC-8B18-440A-AEC3-EF28D7E36019}.Release|Any CPU.Build.0 = Release|Any CPU
	EndGlobalSection
	GlobalSection(SolutionProperties) = preSolution
		HideSolutionNode = FALSE
	EndGlobalSection
	GlobalSection(ExtensibilityGlobals) = postSolution
		SolutionGuid = {F5C0363E-D022-41E1-95D3-F07317B1B361}
	EndGlobalSection
EndGlobal
